
Microsoft Visual Studio Solution File, Format Version 12.00
# Visual Studio Version 16
VisualStudioVersion = 16.0.30621.155
MinimumVisualStudioVersion = 10.0.40219.1
Project("{9A19103F-16F7-4668-BE54-9A1E7A4F7556}") = "EPPlus.SimpleTable", "EPPlus.SimpleTable.csproj", "{D6D1CC3F-F279-4840-8354-3DBAD5D6CA8F}"
EndProject
Project("{FAE04EC0-301F-11D3-BF4B-00C04F79EFBC}") = "Test", "..\Test\Test.csproj", "{701402A6-9CB1-434D-AF7B-FB53F41C65B3}"
EndProject
Global
	GlobalSection(SolutionConfigurationPlatforms) = preSolution
		Debug|Any CPU = Debug|Any CPU
		Release|Any CPU = Release|Any CPU
	EndGlobalSection
	GlobalSection(ProjectConfigurationPlatforms) = postSolution
		{D6D1CC3F-F279-4840-8354-3DBAD5D6CA8F}.Debug|Any CPU.ActiveCfg = Debug|Any CPU
		{D6D1CC3F-F279-4840-8354-3DBAD5D6CA8F}.Debug|Any CPU.Build.0 = Debug|Any CPU
		{D6D1CC3F-F279-4840-8354-3DBAD5D6CA8F}.Release|Any CPU.ActiveCfg = Release|Any CPU
		{D6D1CC3F-F279-4840-8354-3DBAD5D6CA8F}.Release|Any CPU.Build.0 = Release|Any CPU
		{701402A6-9CB1-434D-AF7B-FB53F41C65B3}.Debug|Any CPU.ActiveCfg = Debug|Any CPU
		{701402A6-9CB1-434D-AF7B-FB53F41C65B3}.Debug|Any CPU.Build.0 = Debug|Any CPU
		{701402A6-9CB1-434D-AF7B-FB53F41C65B3}.Release|Any CPU.ActiveCfg = Release|Any CPU
		{701402A6-9CB1-434D-AF7B-FB53F41C65B3}.Release|Any CPU.Build.0 = Release|Any CPU
	EndGlobalSection
	GlobalSection(SolutionProperties) = preSolution
		HideSolutionNode = FALSE
	EndGlobalSection
	GlobalSection(ExtensibilityGlobals) = postSolution
		SolutionGuid = {969A99FC-B790-41C0-B815-6DAFB8BBB3F6}
	EndGlobalSection
EndGlobal
